
Microsoft Visual Studio Solution File, Format Version 12.00
# Visual Studio Version 17
VisualStudioVersion = 17.12.35707.178 d17.12
MinimumVisualStudioVersion = 10.0.40219.1
Project("{FAE04EC0-301F-11D3-BF4B-00C04F79EFBC}") = "Conexion_a_datos_prueba", "Conexion_a_datos_prueba\Conexion_a_datos_prueba.csproj", "{0C076B90-DE48-4436-ACD5-59C3E6300EC2}"
EndProject
Project("{FAE04EC0-301F-11D3-BF4B-00C04F79EFBC}") = "Capa_de_datos", "Capa_de_datos\Capa_de_datos.csproj", "{17518C6B-DBD3-4628-A396-950D727BA8D1}"
EndProject
Project("{FAE04EC0-301F-11D3-BF4B-00C04F79EFBC}") = "Capa_modelo_de_negocio", "Capa_modelo_de_negocio\Capa_modelo_de_negocio.csproj", "{171A6619-A35C-4E97-9702-87CFB14F7EDD}"
EndProject
Global
	GlobalSection(SolutionConfigurationPlatforms) = preSolution
		Debug|Any CPU = Debug|Any CPU
		Release|Any CPU = Release|Any CPU
	EndGlobalSection
	GlobalSection(ProjectConfigurationPlatforms) = postSolution
		{0C076B90-DE48-4436-ACD5-59C3E6300EC2}.Debug|Any CPU.ActiveCfg = Debug|Any CPU
		{0C076B90-DE48-4436-ACD5-59C3E6300EC2}.Debug|Any CPU.Build.0 = Debug|Any CPU
		{0C076B90-DE48-4436-ACD5-59C3E6300EC2}.Release|Any CPU.ActiveCfg = Release|Any CPU
		{0C076B90-DE48-4436-ACD5-59C3E6300EC2}.Release|Any CPU.Build.0 = Release|Any CPU
		{17518C6B-DBD3-4628-A396-950D727BA8D1}.Debug|Any CPU.ActiveCfg = Debug|Any CPU
		{17518C6B-DBD3-4628-A396-950D727BA8D1}.Debug|Any CPU.Build.0 = Debug|Any CPU
		{17518C6B-DBD3-4628-A396-950D727BA8D1}.Release|Any CPU.ActiveCfg = Release|Any CPU
		{17518C6B-DBD3-4628-A396-950D727BA8D1}.Release|Any CPU.Build.0 = Release|Any CPU
		{171A6619-A35C-4E97-9702-87CFB14F7EDD}.Debug|Any CPU.ActiveCfg = Debug|Any CPU
		{171A6619-A35C-4E97-9702-87CFB14F7EDD}.Debug|Any CPU.Build.0 = Debug|Any CPU
		{171A6619-A35C-4E97-9702-87CFB14F7EDD}.Release|Any CPU.ActiveCfg = Release|Any CPU
		{171A6619-A35C-4E97-9702-87CFB14F7EDD}.Release|Any CPU.Build.0 = Release|Any CPU
	EndGlobalSection
	GlobalSection(SolutionProperties) = preSolution
		HideSolutionNode = FALSE
	EndGlobalSection
EndGlobal
